<?xml version="1.0" encoding="utf-8"?>
<Project ToolsVersion="4.0" xmlns="http://schemas.microsoft.com/developer/msbuild/2003">
  <ItemGroup>
    <ClCompile Include="WinMain.cpp" />
    <ClCompile Include="sample\NormalMapCube.cpp">
      <Filter>Sample\NormalMap</Filter>
    </ClCompile>
    <ClCompile Include="sample\RigidCube.cpp">
      <Filter>Sample\RigidCube</Filter>
    </ClCompile>
    <ClCompile Include="Game\StarBreakApp.cpp">
      <Filter>Game</Filter>
    </ClCompile>
    <ClCompile Include="Game\StarGenerator.cpp">
      <Filter>Game</Filter>
    </ClCompile>
    <ClCompile Include="Game\Star.cpp">
      <Filter>Game</Filter>
    </ClCompile>
    <ClCompile Include="Game\CoverFaceCreator.cpp">
      <Filter>Game</Filter>
    </ClCompile>
    <ClCompile Include="Game\PrimitiveCutter.cpp">
      <Filter>Game</Filter>
    </ClCompile>
    <ClCompile Include="Game\FreePrimitive.cpp">
      <Filter>Game</Filter>
    </ClCompile>
    <ClCompile Include="Game\GameScene.cpp">
      <Filter>Game</Filter>
    </ClCompile>
    <ClCompile Include="Game\RandomGenerator.cpp">
      <Filter>Game</Filter>
    </ClCompile>
    <ClCompile Include="Game\Scene.cpp">
      <Filter>Game</Filter>
    </ClCompile>
    <ClCompile Include="Game\GameObject.cpp">
      <Filter>Game</Filter>
    </ClCompile>
    <ClCompile Include="Game\Phase.cpp">
      <Filter>Game</Filter>
    </ClCompile>
    <ClCompile Include="Game\WaitCutPhase.cpp">
      <Filter>Game</Filter>
    </ClCompile>
    <ClCompile Include="Game\PhaseChanger.cpp">
      <Filter>Game</Filter>
    </ClCompile>
    <ClCompile Include="Game\MovePrimitivePhase.cpp">
      <Filter>Game</Filter>
    </ClCompile>
    <ClCompile Include="Game\LerpCalculator.cpp">
      <Filter>Game</Filter>
    </ClCompile>
    <ClCompile Include="Game\ChosePhase.cpp">
      <Filter>Game</Filter>
    </ClCompile>
  </ItemGroup>
  <ItemGroup>
    <ClInclude Include="sample\NormalMapCube.h">
      <Filter>Sample\NormalMap</Filter>
    </ClInclude>
    <ClInclude Include="sample\RigidCube.h">
      <Filter>Sample\RigidCube</Filter>
    </ClInclude>
    <ClInclude Include="Game\StarBreakApp.h">
      <Filter>Game</Filter>
    </ClInclude>
    <ClInclude Include="Game\StarGenerator.h">
      <Filter>Game</Filter>
    </ClInclude>
    <ClInclude Include="Game\Star.h">
      <Filter>Game</Filter>
    </ClInclude>
    <ClInclude Include="Game\CoverFaceCreator.h">
      <Filter>Game</Filter>
    </ClInclude>
    <ClInclude Include="Game\PrimitiveCutter.h">
      <Filter>Game</Filter>
    </ClInclude>
    <ClInclude Include="Game\FreePrimitive.h">
      <Filter>Game</Filter>
    </ClInclude>
    <ClInclude Include="Game\GameScene.h">
      <Filter>Game</Filter>
    </ClInclude>
    <ClInclude Include="Game\RandomGenerator.h">
      <Filter>Game</Filter>
    </ClInclude>
    <ClInclude Include="Game\Scene.h">
      <Filter>Game</Filter>
    </ClInclude>
    <ClInclude Include="Game\GameObject.h">
      <Filter>Game</Filter>
    </ClInclude>
    <ClInclude Include="Game\Phase.h">
      <Filter>Game</Filter>
    </ClInclude>
    <ClInclude Include="Game\WaitCutPhase.h">
      <Filter>Game</Filter>
    </ClInclude>
    <ClInclude Include="Game\PhaseChanger.h">
      <Filter>Game</Filter>
    </ClInclude>
    <ClInclude Include="Game\MovePrimitivePhase.h">
      <Filter>Game</Filter>
    </ClInclude>
    <ClInclude Include="Game\LerpCalculator.h">
      <Filter>Game</Filter>
    </ClInclude>
    <ClInclude Include="Game\ChosePhase.h">
      <Filter>Game</Filter>
    </ClInclude>
  </ItemGroup>
  <ItemGroup>
    <Filter Include="Sample">
      <UniqueIdentifier>{bf47d69f-ad63-4c41-acb8-7a669b4c0e31}</UniqueIdentifier>
    </Filter>
    <Filter Include="Sample\NormalMap">
      <UniqueIdentifier>{3528ca60-400b-4f52-806e-be4823de4f60}</UniqueIdentifier>
    </Filter>
    <Filter Include="Sample\Game">
      <UniqueIdentifier>{f007b159-fec3-436f-ac62-aab8c0a009f6}</UniqueIdentifier>
    </Filter>
    <Filter Include="Sample\RigidCube">
      <UniqueIdentifier>{12c183f7-8f27-4394-92dd-1f407c4bbb01}</UniqueIdentifier>
    </Filter>
    <Filter Include="Game">
      <UniqueIdentifier>{4f54bc19-cb01-427a-97a2-c5863a11569e}</UniqueIdentifier>
    </Filter>
  </ItemGroup>
</Project>